
Microsoft Visual Studio Solution File, Format Version 12.00
# Visual Studio Version 16
VisualStudioVersion = 16.0.29905.134
MinimumVisualStudioVersion = 10.0.40219.1
Project("{9A19103F-16F7-4668-BE54-9A1E7A4F7556}") = "BloggyBackend", "BloggyBackend\BloggyBackend.csproj", "{B88EB3F8-76F3-4A96-96C4-A3A8CF9993A6}"
EndProject
Project("{9A19103F-16F7-4668-BE54-9A1E7A4F7556}") = "Models", "Models\Models.csproj", "{E856B057-5ECD-4D4B-BCAE-B862C8BB7C82}"
EndProject
Project("{9A19103F-16F7-4668-BE54-9A1E7A4F7556}") = "Services", "Services\Services.csproj", "{E9B6FE68-304D-4768-919F-E38A3C9A2883}"
EndProject
Project("{9A19103F-16F7-4668-BE54-9A1E7A4F7556}") = "Generics", "Generics\Generics.csproj", "{E2438C36-A5B1-461B-981F-91BB68EDFDBB}"
EndProject
Project("{FAE04EC0-301F-11D3-BF4B-00C04F79EFBC}") = "AutoMappingLogic", "AutoMappingLogic\AutoMappingLogic.csproj", "{11D5BB8F-F25C-4FA4-B87F-52A95374DBD9}"
EndProject
Global
	GlobalSection(SolutionConfigurationPlatforms) = preSolution
		Debug|Any CPU = Debug|Any CPU
		Release|Any CPU = Release|Any CPU
	EndGlobalSection
	GlobalSection(ProjectConfigurationPlatforms) = postSolution
		{B88EB3F8-76F3-4A96-96C4-A3A8CF9993A6}.Debug|Any CPU.ActiveCfg = Debug|Any CPU
		{B88EB3F8-76F3-4A96-96C4-A3A8CF9993A6}.Debug|Any CPU.Build.0 = Debug|Any CPU
		{B88EB3F8-76F3-4A96-96C4-A3A8CF9993A6}.Release|Any CPU.ActiveCfg = Release|Any CPU
		{B88EB3F8-76F3-4A96-96C4-A3A8CF9993A6}.Release|Any CPU.Build.0 = Release|Any CPU
		{E856B057-5ECD-4D4B-BCAE-B862C8BB7C82}.Debug|Any CPU.ActiveCfg = Debug|Any CPU
		{E856B057-5ECD-4D4B-BCAE-B862C8BB7C82}.Debug|Any CPU.Build.0 = Debug|Any CPU
		{E856B057-5ECD-4D4B-BCAE-B862C8BB7C82}.Release|Any CPU.ActiveCfg = Release|Any CPU
		{E856B057-5ECD-4D4B-BCAE-B862C8BB7C82}.Release|Any CPU.Build.0 = Release|Any CPU
		{E9B6FE68-304D-4768-919F-E38A3C9A2883}.Debug|Any CPU.ActiveCfg = Debug|Any CPU
		{E9B6FE68-304D-4768-919F-E38A3C9A2883}.Debug|Any CPU.Build.0 = Debug|Any CPU
		{E9B6FE68-304D-4768-919F-E38A3C9A2883}.Release|Any CPU.ActiveCfg = Release|Any CPU
		{E9B6FE68-304D-4768-919F-E38A3C9A2883}.Release|Any CPU.Build.0 = Release|Any CPU
		{E2438C36-A5B1-461B-981F-91BB68EDFDBB}.Debug|Any CPU.ActiveCfg = Debug|Any CPU
		{E2438C36-A5B1-461B-981F-91BB68EDFDBB}.Debug|Any CPU.Build.0 = Debug|Any CPU
		{E2438C36-A5B1-461B-981F-91BB68EDFDBB}.Release|Any CPU.ActiveCfg = Release|Any CPU
		{E2438C36-A5B1-461B-981F-91BB68EDFDBB}.Release|Any CPU.Build.0 = Release|Any CPU
		{11D5BB8F-F25C-4FA4-B87F-52A95374DBD9}.Debug|Any CPU.ActiveCfg = Debug|Any CPU
		{11D5BB8F-F25C-4FA4-B87F-52A95374DBD9}.Debug|Any CPU.Build.0 = Debug|Any CPU
		{11D5BB8F-F25C-4FA4-B87F-52A95374DBD9}.Release|Any CPU.ActiveCfg = Release|Any CPU
		{11D5BB8F-F25C-4FA4-B87F-52A95374DBD9}.Release|Any CPU.Build.0 = Release|Any CPU
	EndGlobalSection
	GlobalSection(SolutionProperties) = preSolution
		HideSolutionNode = FALSE
	EndGlobalSection
	GlobalSection(ExtensibilityGlobals) = postSolution
		SolutionGuid = {A804128C-8782-4B3A-8E0F-6D3FA2A26281}
	EndGlobalSection
EndGlobal
